
Microsoft Visual Studio Solution File, Format Version 12.00
# Visual Studio Version 17
VisualStudioVersion = 17.7.34031.279
MinimumVisualStudioVersion = 10.0.40219.1
Project("{FAE04EC0-301F-11D3-BF4B-00C04F79EFBC}") = "SquaresInMatrix", "SquaresInMatrix\SquaresInMatrix.csproj", "{9E920475-D1EA-4819-86BE-02A65A0E4B05}"
EndProject
Global
	GlobalSection(SolutionConfigurationPlatforms) = preSolution
		Debug|Any CPU = Debug|Any CPU
		Release|Any CPU = Release|Any CPU
	EndGlobalSection
	GlobalSection(ProjectConfigurationPlatforms) = postSolution
		{9E920475-D1EA-4819-86BE-02A65A0E4B05}.Debug|Any CPU.ActiveCfg = Debug|Any CPU
		{9E920475-D1EA-4819-86BE-02A65A0E4B05}.Debug|Any CPU.Build.0 = Debug|Any CPU
		{9E920475-D1EA-4819-86BE-02A65A0E4B05}.Release|Any CPU.ActiveCfg = Release|Any CPU
		{9E920475-D1EA-4819-86BE-02A65A0E4B05}.Release|Any CPU.Build.0 = Release|Any CPU
	EndGlobalSection
	GlobalSection(SolutionProperties) = preSolution
		HideSolutionNode = FALSE
	EndGlobalSection
	GlobalSection(ExtensibilityGlobals) = postSolution
		SolutionGuid = {D1653E7E-835F-414C-BEE3-94767BD366F5}
	EndGlobalSection
EndGlobal
