
Microsoft Visual Studio Solution File, Format Version 12.00
# Visual Studio Version 17
VisualStudioVersion = 17.7.34031.279
MinimumVisualStudioVersion = 10.0.40219.1
Project("{FAE04EC0-301F-11D3-BF4B-00C04F79EFBC}") = "RadioactiveMutantVampireBunnies", "RadioactiveMutantVampireBunnies\RadioactiveMutantVampireBunnies.csproj", "{6AD6A54D-0EB8-4D98-B19D-A902017BAF25}"
EndProject
Global
	GlobalSection(SolutionConfigurationPlatforms) = preSolution
		Debug|Any CPU = Debug|Any CPU
		Release|Any CPU = Release|Any CPU
	EndGlobalSection
	GlobalSection(ProjectConfigurationPlatforms) = postSolution
		{6AD6A54D-0EB8-4D98-B19D-A902017BAF25}.Debug|Any CPU.ActiveCfg = Debug|Any CPU
		{6AD6A54D-0EB8-4D98-B19D-A902017BAF25}.Debug|Any CPU.Build.0 = Debug|Any CPU
		{6AD6A54D-0EB8-4D98-B19D-A902017BAF25}.Release|Any CPU.ActiveCfg = Release|Any CPU
		{6AD6A54D-0EB8-4D98-B19D-A902017BAF25}.Release|Any CPU.Build.0 = Release|Any CPU
	EndGlobalSection
	GlobalSection(SolutionProperties) = preSolution
		HideSolutionNode = FALSE
	EndGlobalSection
	GlobalSection(ExtensibilityGlobals) = postSolution
		SolutionGuid = {4B7EBAB7-08FA-4E8A-BF52-02AED3296289}
	EndGlobalSection
EndGlobal
