
Microsoft Visual Studio Solution File, Format Version 12.00
# Visual Studio Version 17
VisualStudioVersion = 17.7.34031.279
MinimumVisualStudioVersion = 10.0.40219.1
Project("{FAE04EC0-301F-11D3-BF4B-00C04F79EFBC}") = "Wardrobe", "Wardrobe\Wardrobe.csproj", "{ED65D70E-BB9C-4A9E-B693-09A81ADF70C0}"
EndProject
Global
	GlobalSection(SolutionConfigurationPlatforms) = preSolution
		Debug|Any CPU = Debug|Any CPU
		Release|Any CPU = Release|Any CPU
	EndGlobalSection
	GlobalSection(ProjectConfigurationPlatforms) = postSolution
		{ED65D70E-BB9C-4A9E-B693-09A81ADF70C0}.Debug|Any CPU.ActiveCfg = Debug|Any CPU
		{ED65D70E-BB9C-4A9E-B693-09A81ADF70C0}.Debug|Any CPU.Build.0 = Debug|Any CPU
		{ED65D70E-BB9C-4A9E-B693-09A81ADF70C0}.Release|Any CPU.ActiveCfg = Release|Any CPU
		{ED65D70E-BB9C-4A9E-B693-09A81ADF70C0}.Release|Any CPU.Build.0 = Release|Any CPU
	EndGlobalSection
	GlobalSection(SolutionProperties) = preSolution
		HideSolutionNode = FALSE
	EndGlobalSection
	GlobalSection(ExtensibilityGlobals) = postSolution
		SolutionGuid = {5FC53DE1-B50B-44BC-AC8D-9B879D6B1B9B}
	EndGlobalSection
EndGlobal
